
Microsoft Visual Studio Solution File, Format Version 11.00
# Visual Studio 2010
Project("{FAE04EC0-301F-11D3-BF4B-00C04F79EFBC}") = "AwsUtils", "AwsUtils\AwsUtils.csproj", "{8853CAC2-B215-4EAC-B0B8-9D7B335ADECE}"
EndProject
Project("{FAE04EC0-301F-11D3-BF4B-00C04F79EFBC}") = "AwsUtilsTests", "AwsUtilsTests\AwsUtilsTests.csproj", "{112F8279-5A0E-4FF9-8AE9-1BF3CFB43F43}"
EndProject
Project("{FAE04EC0-301F-11D3-BF4B-00C04F79EFBC}") = "InputWeb", "InputWeb\InputWeb.csproj", "{91BF0EAC-D4CE-4243-A0C3-67CF479B0F94}"
EndProject
Project("{FAE04EC0-301F-11D3-BF4B-00C04F79EFBC}") = "DaffodilReader", "DaffodilReader\DaffodilReader.csproj", "{54E06051-D4A8-4730-90CC-30B57734F093}"
EndProject
Global
	GlobalSection(SolutionConfigurationPlatforms) = preSolution
		Debug|Any CPU = Debug|Any CPU
		Debug|Mixed Platforms = Debug|Mixed Platforms
		Debug|x86 = Debug|x86
		Release|Any CPU = Release|Any CPU
		Release|Mixed Platforms = Release|Mixed Platforms
		Release|x86 = Release|x86
	EndGlobalSection
	GlobalSection(ProjectConfigurationPlatforms) = postSolution
		{8853CAC2-B215-4EAC-B0B8-9D7B335ADECE}.Debug|Any CPU.ActiveCfg = Debug|Any CPU
		{8853CAC2-B215-4EAC-B0B8-9D7B335ADECE}.Debug|Any CPU.Build.0 = Debug|Any CPU
		{8853CAC2-B215-4EAC-B0B8-9D7B335ADECE}.Debug|Mixed Platforms.ActiveCfg = Debug|Any CPU
		{8853CAC2-B215-4EAC-B0B8-9D7B335ADECE}.Debug|Mixed Platforms.Build.0 = Debug|Any CPU
		{8853CAC2-B215-4EAC-B0B8-9D7B335ADECE}.Debug|x86.ActiveCfg = Debug|Any CPU
		{8853CAC2-B215-4EAC-B0B8-9D7B335ADECE}.Release|Any CPU.ActiveCfg = Release|Any CPU
		{8853CAC2-B215-4EAC-B0B8-9D7B335ADECE}.Release|Any CPU.Build.0 = Release|Any CPU
		{8853CAC2-B215-4EAC-B0B8-9D7B335ADECE}.Release|Mixed Platforms.ActiveCfg = Release|Any CPU
		{8853CAC2-B215-4EAC-B0B8-9D7B335ADECE}.Release|Mixed Platforms.Build.0 = Release|Any CPU
		{8853CAC2-B215-4EAC-B0B8-9D7B335ADECE}.Release|x86.ActiveCfg = Release|Any CPU
		{112F8279-5A0E-4FF9-8AE9-1BF3CFB43F43}.Debug|Any CPU.ActiveCfg = Debug|Any CPU
		{112F8279-5A0E-4FF9-8AE9-1BF3CFB43F43}.Debug|Any CPU.Build.0 = Debug|Any CPU
		{112F8279-5A0E-4FF9-8AE9-1BF3CFB43F43}.Debug|Mixed Platforms.ActiveCfg = Debug|Any CPU
		{112F8279-5A0E-4FF9-8AE9-1BF3CFB43F43}.Debug|Mixed Platforms.Build.0 = Debug|Any CPU
		{112F8279-5A0E-4FF9-8AE9-1BF3CFB43F43}.Debug|x86.ActiveCfg = Debug|Any CPU
		{112F8279-5A0E-4FF9-8AE9-1BF3CFB43F43}.Release|Any CPU.ActiveCfg = Release|Any CPU
		{112F8279-5A0E-4FF9-8AE9-1BF3CFB43F43}.Release|Any CPU.Build.0 = Release|Any CPU
		{112F8279-5A0E-4FF9-8AE9-1BF3CFB43F43}.Release|Mixed Platforms.ActiveCfg = Release|Any CPU
		{112F8279-5A0E-4FF9-8AE9-1BF3CFB43F43}.Release|Mixed Platforms.Build.0 = Release|Any CPU
		{112F8279-5A0E-4FF9-8AE9-1BF3CFB43F43}.Release|x86.ActiveCfg = Release|Any CPU
		{91BF0EAC-D4CE-4243-A0C3-67CF479B0F94}.Debug|Any CPU.ActiveCfg = Debug|Any CPU
		{91BF0EAC-D4CE-4243-A0C3-67CF479B0F94}.Debug|Any CPU.Build.0 = Debug|Any CPU
		{91BF0EAC-D4CE-4243-A0C3-67CF479B0F94}.Debug|Mixed Platforms.ActiveCfg = Debug|Any CPU
		{91BF0EAC-D4CE-4243-A0C3-67CF479B0F94}.Debug|Mixed Platforms.Build.0 = Debug|Any CPU
		{91BF0EAC-D4CE-4243-A0C3-67CF479B0F94}.Debug|x86.ActiveCfg = Debug|Any CPU
		{91BF0EAC-D4CE-4243-A0C3-67CF479B0F94}.Release|Any CPU.ActiveCfg = Release|Any CPU
		{91BF0EAC-D4CE-4243-A0C3-67CF479B0F94}.Release|Any CPU.Build.0 = Release|Any CPU
		{91BF0EAC-D4CE-4243-A0C3-67CF479B0F94}.Release|Mixed Platforms.ActiveCfg = Release|Any CPU
		{91BF0EAC-D4CE-4243-A0C3-67CF479B0F94}.Release|Mixed Platforms.Build.0 = Release|Any CPU
		{91BF0EAC-D4CE-4243-A0C3-67CF479B0F94}.Release|x86.ActiveCfg = Release|Any CPU
		{54E06051-D4A8-4730-90CC-30B57734F093}.Debug|Any CPU.ActiveCfg = Debug|x86
		{54E06051-D4A8-4730-90CC-30B57734F093}.Debug|Mixed Platforms.ActiveCfg = Debug|x86
		{54E06051-D4A8-4730-90CC-30B57734F093}.Debug|Mixed Platforms.Build.0 = Debug|x86
		{54E06051-D4A8-4730-90CC-30B57734F093}.Debug|x86.ActiveCfg = Debug|x86
		{54E06051-D4A8-4730-90CC-30B57734F093}.Debug|x86.Build.0 = Debug|x86
		{54E06051-D4A8-4730-90CC-30B57734F093}.Release|Any CPU.ActiveCfg = Release|x86
		{54E06051-D4A8-4730-90CC-30B57734F093}.Release|Mixed Platforms.ActiveCfg = Release|x86
		{54E06051-D4A8-4730-90CC-30B57734F093}.Release|Mixed Platforms.Build.0 = Release|x86
		{54E06051-D4A8-4730-90CC-30B57734F093}.Release|x86.ActiveCfg = Release|x86
		{54E06051-D4A8-4730-90CC-30B57734F093}.Release|x86.Build.0 = Release|x86
	EndGlobalSection
	GlobalSection(SolutionProperties) = preSolution
		HideSolutionNode = FALSE
	EndGlobalSection
EndGlobal
